
Microsoft Visual Studio Solution File, Format Version 12.00
# Visual Studio Version 17
VisualStudioVersion = 17.0.31903.59
MinimumVisualStudioVersion = 10.0.40219.1
Project("{FAE04EC0-301F-11D3-BF4B-00C04F79EFBC}") = "TextToPictureTelegramBot", "TextToPictureTelegramBot\TextToPictureTelegramBot.csproj", "{F2224892-DB3D-43DE-82E5-3D948BBD8A00}"
EndProject
Global
	GlobalSection(SolutionConfigurationPlatforms) = preSolution
		Debug|Any CPU = Debug|Any CPU
		Release|Any CPU = Release|Any CPU
	EndGlobalSection
	GlobalSection(ProjectConfigurationPlatforms) = postSolution
		{F2224892-DB3D-43DE-82E5-3D948BBD8A00}.Debug|Any CPU.ActiveCfg = Debug|Any CPU
		{F2224892-DB3D-43DE-82E5-3D948BBD8A00}.Debug|Any CPU.Build.0 = Debug|Any CPU
		{F2224892-DB3D-43DE-82E5-3D948BBD8A00}.Release|Any CPU.ActiveCfg = Release|Any CPU
		{F2224892-DB3D-43DE-82E5-3D948BBD8A00}.Release|Any CPU.Build.0 = Release|Any CPU
	EndGlobalSection
	GlobalSection(SolutionProperties) = preSolution
		HideSolutionNode = FALSE
	EndGlobalSection
	GlobalSection(ExtensibilityGlobals) = postSolution
		SolutionGuid = {AF8B8225-E3D1-47A5-A41F-60CF1182C8E5}
	EndGlobalSection
EndGlobal
